
Microsoft Visual Studio Solution File, Format Version 11.00
# Visual Studio 2010
Project("{FAE04EC0-301F-11D3-BF4B-00C04F79EFBC}") = "Assembly-CSharp", "Assembly-CSharp.csproj", "{653B09AA-BEE2-8097-B364-645A08858295}"
EndProject
Project("{FAE04EC0-301F-11D3-BF4B-00C04F79EFBC}") = "Assembly-CSharp-Editor", "Assembly-CSharp-Editor.csproj", "{1A95A4D2-4D67-1978-CDE0-F206C59D247A}"
EndProject
Global
	GlobalSection(SolutionConfigurationPlatforms) = preSolution
		Debug|Any CPU = Debug|Any CPU
		Release|Any CPU = Release|Any CPU
	EndGlobalSection
	GlobalSection(ProjectConfigurationPlatforms) = postSolution
		{653B09AA-BEE2-8097-B364-645A08858295}.Debug|Any CPU.ActiveCfg = Debug|Any CPU
		{653B09AA-BEE2-8097-B364-645A08858295}.Debug|Any CPU.Build.0 = Debug|Any CPU
		{653B09AA-BEE2-8097-B364-645A08858295}.Release|Any CPU.ActiveCfg = Release|Any CPU
		{653B09AA-BEE2-8097-B364-645A08858295}.Release|Any CPU.Build.0 = Release|Any CPU
		{1A95A4D2-4D67-1978-CDE0-F206C59D247A}.Debug|Any CPU.ActiveCfg = Debug|Any CPU
		{1A95A4D2-4D67-1978-CDE0-F206C59D247A}.Debug|Any CPU.Build.0 = Debug|Any CPU
		{1A95A4D2-4D67-1978-CDE0-F206C59D247A}.Release|Any CPU.ActiveCfg = Release|Any CPU
		{1A95A4D2-4D67-1978-CDE0-F206C59D247A}.Release|Any CPU.Build.0 = Release|Any CPU
	EndGlobalSection
	GlobalSection(SolutionProperties) = preSolution
		HideSolutionNode = FALSE
	EndGlobalSection
	GlobalSection(MonoDevelopProperties) = preSolution
		StartupItem = Assembly-CSharp.csproj
	EndGlobalSection
EndGlobal
